// !$*UTF8*$!
{
	archiveVersion = 1;
	classes = {
	};
	objectVersion = 46;
	objects = {

/* Begin PBXBuildFile section */
		326ABA621D4A7EF100CE6922 /* AppDelegate.swift in Sources */ = {isa = PBXBuildFile; fileRef = 326ABA611D4A7EF100CE6922 /* AppDelegate.swift */; };
		326ABA671D4A7EF100CE6922 /* Main.storyboard in Resources */ = {isa = PBXBuildFile; fileRef = 326ABA651D4A7EF100CE6922 /* Main.storyboard */; };
		326ABA691D4A7EF100CE6922 /* Assets.xcassets in Resources */ = {isa = PBXBuildFile; fileRef = 326ABA681D4A7EF100CE6922 /* Assets.xcassets */; };
		326ABA6C1D4A7EF100CE6922 /* LaunchScreen.storyboard in Resources */ = {isa = PBXBuildFile; fileRef = 326ABA6A1D4A7EF100CE6922 /* LaunchScreen.storyboard */; };
		326ABA771D4A7EF100CE6922 /* JSONParsingSectionTests.swift in Sources */ = {isa = PBXBuildFile; fileRef = 326ABA761D4A7EF100CE6922 /* JSONParsingSectionTests.swift */; };
		326ABA821D4A7EF100CE6922 /* JSONParsingSectionUITests.swift in Sources */ = {isa = PBXBuildFile; fileRef = 326ABA811D4A7EF100CE6922 /* JSONParsingSectionUITests.swift */; };
		326ABA901D4A7F7C00CE6922 /* S65g.json in Resources */ = {isa = PBXBuildFile; fileRef = 326ABA8F1D4A7F7C00CE6922 /* S65g.json */; };
		326ABA911D4A80AD00CE6922 /* S65g.json in Resources */ = {isa = PBXBuildFile; fileRef = 326ABA8F1D4A7F7C00CE6922 /* S65g.json */; };
		326ABA931D4A83C700CE6922 /* GridConfigurationParser.swift in Sources */ = {isa = PBXBuildFile; fileRef = 326ABA921D4A83C700CE6922 /* GridConfigurationParser.swift */; };
		326ABA951D4A844F00CE6922 /* GridConfiguration.swift in Sources */ = {isa = PBXBuildFile; fileRef = 326ABA941D4A844F00CE6922 /* GridConfiguration.swift */; };
		326ABA971D4A897D00CE6922 /* Fetcher.swift in Sources */ = {isa = PBXBuildFile; fileRef = 326ABA961D4A897D00CE6922 /* Fetcher.swift */; };
		326ABA991D4A89A300CE6922 /* ViewController.swift in Sources */ = {isa = PBXBuildFile; fileRef = 326ABA981D4A89A300CE6922 /* ViewController.swift */; };
/* End PBXBuildFile section */

/* Begin PBXContainerItemProxy section */
		326ABA731D4A7EF100CE6922 /* PBXContainerItemProxy */ = {
			isa = PBXContainerItemProxy;
			containerPortal = 326ABA561D4A7EF100CE6922 /* Project object */;
			proxyType = 1;
			remoteGlobalIDString = 326ABA5D1D4A7EF100CE6922;
			remoteInfo = JSONParsingSection;
		};
		326ABA7E1D4A7EF100CE6922 /* PBXContainerItemProxy */ = {
			isa = PBXContainerItemProxy;
			containerPortal = 326ABA561D4A7EF100CE6922 /* Project object */;
			proxyType = 1;
			remoteGlobalIDString = 326ABA5D1D4A7EF100CE6922;
			remoteInfo = JSONParsingSection;
		};
/* End PBXContainerItemProxy section */

/* Begin PBXFileReference section */
		326ABA5E1D4A7EF100CE6922 /* JSONParsingSection.app */ = {isa = PBXFileReference; explicitFileType = wrapper.application; includeInIndex = 0; path = JSONParsingSection.app; sourceTree = BUILT_PRODUCTS_DIR; };
		326ABA611D4A7EF100CE6922 /* AppDelegate.swift */ = {isa = PBXFileReference; lastKnownFileType = sourcecode.swift; path = AppDelegate.swift; sourceTree = "<group>"; };
		326ABA661D4A7EF100CE6922 /* Base */ = {isa = PBXFileReference; lastKnownFileType = file.storyboard; name = Base; path = Base.lproj/Main.storyboard; sourceTree = "<group>"; };
		326ABA681D4A7EF100CE6922 /* Assets.xcassets */ = {isa = PBXFileReference; lastKnownFileType = folder.assetcatalog; path = Assets.xcassets; sourceTree = "<group>"; };
		326ABA6B1D4A7EF100CE6922 /* Base */ = {isa = PBXFileReference; lastKnownFileType = file.storyboard; name = Base; path = Base.lproj/LaunchScreen.storyboard; sourceTree = "<group>"; };
		326ABA6D1D4A7EF100CE6922 /* Info.plist */ = {isa = PBXFileReference; lastKnownFileType = text.plist.xml; path = Info.plist; sourceTree = "<group>"; };
		326ABA721D4A7EF100CE6922 /* JSONParsingSectionTests.xctest */ = {isa = PBXFileReference; explicitFileType = wrapper.cfbundle; includeInIndex = 0; path = JSONParsingSectionTests.xctest; sourceTree = BUILT_PRODUCTS_DIR; };
		326ABA761D4A7EF100CE6922 /* JSONParsingSectionTests.swift */ = {isa = PBXFileReference; lastKnownFileType = sourcecode.swift; path = JSONParsingSectionTests.swift; sourceTree = "<group>"; };
		326ABA781D4A7EF100CE6922 /* Info.plist */ = {isa = PBXFileReference; lastKnownFileType = text.plist.xml; path = Info.plist; sourceTree = "<group>"; };
		326ABA7D1D4A7EF100CE6922 /* JSONParsingSectionUITests.xctest */ = {isa = PBXFileReference; explicitFileType = wrapper.cfbundle; includeInIndex = 0; path = JSONParsingSectionUITests.xctest; sourceTree = BUILT_PRODUCTS_DIR; };
		326ABA811D4A7EF100CE6922 /* JSONParsingSectionUITests.swift */ = {isa = PBXFileReference; lastKnownFileType = sourcecode.swift; path = JSONParsingSectionUITests.swift; sourceTree = "<group>"; };
		326ABA831D4A7EF100CE6922 /* Info.plist */ = {isa = PBXFileReference; lastKnownFileType = text.plist.xml; path = Info.plist; sourceTree = "<group>"; };
		326ABA8F1D4A7F7C00CE6922 /* S65g.json */ = {isa = PBXFileReference; fileEncoding = 4; lastKnownFileType = text.json; name = S65g.json; path = ../../../../Downloads/S65g.json; sourceTree = "<group>"; };
		326ABA921D4A83C700CE6922 /* GridConfigurationParser.swift */ = {isa = PBXFileReference; fileEncoding = 4; lastKnownFileType = sourcecode.swift; name = GridConfigurationParser.swift; path = JSONParsingSectionTests/GridConfigurationParser.swift; sourceTree = SOURCE_ROOT; };
		326ABA941D4A844F00CE6922 /* GridConfiguration.swift */ = {isa = PBXFileReference; fileEncoding = 4; lastKnownFileType = sourcecode.swift; name = GridConfiguration.swift; path = JSONParsingSectionTests/GridConfiguration.swift; sourceTree = SOURCE_ROOT; };
		326ABA961D4A897D00CE6922 /* Fetcher.swift */ = {isa = PBXFileReference; fileEncoding = 4; lastKnownFileType = sourcecode.swift; name = Fetcher.swift; path = ../../../../Downloads/Lecture10InClass/Lecture10InClass/Fetcher.swift; sourceTree = "<group>"; };
		326ABA981D4A89A300CE6922 /* ViewController.swift */ = {isa = PBXFileReference; fileEncoding = 4; lastKnownFileType = sourcecode.swift; name = ViewController.swift; path = ../../../../Downloads/Lecture10InClass/Lecture10InClass/ViewController.swift; sourceTree = "<group>"; };
/* End PBXFileReference section */

/* Begin PBXFrameworksBuildPhase section */
		326ABA5B1D4A7EF100CE6922 /* Frameworks */ = {
			isa = PBXFrameworksBuildPhase;
			buildActionMask = 2147483647;
			files = (
			);
			runOnlyForDeploymentPostprocessing = 0;
		};
		326ABA6F1D4A7EF100CE6922 /* Frameworks */ = {
			isa = PBXFrameworksBuildPhase;
			buildActionMask = 2147483647;
			files = (
			);
			runOnlyForDeploymentPostprocessing = 0;
		};
		326ABA7A1D4A7EF100CE6922 /* Frameworks */ = {
			isa = PBXFrameworksBuildPhase;
			buildActionMask = 2147483647;
			files = (
			);
			runOnlyForDeploymentPostprocessing = 0;
		};
/* End PBXFrameworksBuildPhase section */

/* Begin PBXGroup section */
		326ABA551D4A7EF100CE6922 = {
			isa = PBXGroup;
			children = (
				326ABA601D4A7EF100CE6922 /* JSONParsingSection */,
				326ABA751D4A7EF100CE6922 /* JSONParsingSectionTests */,
				326ABA801D4A7EF100CE6922 /* JSONParsingSectionUITests */,
				326ABA5F1D4A7EF100CE6922 /* Products */,
			);
			sourceTree = "<group>";
		};
		326ABA5F1D4A7EF100CE6922 /* Products */ = {
			isa = PBXGroup;
			children = (
				326ABA5E1D4A7EF100CE6922 /* JSONParsingSection.app */,
				326ABA721D4A7EF100CE6922 /* JSONParsingSectionTests.xctest */,
				326ABA7D1D4A7EF100CE6922 /* JSONParsingSectionUITests.xctest */,
			);
			name = Products;
			sourceTree = "<group>";
		};
		326ABA601D4A7EF100CE6922 /* JSONParsingSection */ = {
			isa = PBXGroup;
			children = (
				326ABA611D4A7EF100CE6922 /* AppDelegate.swift */,
				326ABA941D4A844F00CE6922 /* GridConfiguration.swift */,
				326ABA921D4A83C700CE6922 /* GridConfigurationParser.swift */,
				326ABA981D4A89A300CE6922 /* ViewController.swift */,
				326ABA961D4A897D00CE6922 /* Fetcher.swift */,
				326ABA651D4A7EF100CE6922 /* Main.storyboard */,
				326ABA681D4A7EF100CE6922 /* Assets.xcassets */,
				326ABA6A1D4A7EF100CE6922 /* LaunchScreen.storyboard */,
				326ABA6D1D4A7EF100CE6922 /* Info.plist */,
			);
			path = JSONParsingSection;
			sourceTree = "<group>";
		};
		326ABA751D4A7EF100CE6922 /* JSONParsingSectionTests */ = {
			isa = PBXGroup;
			children = (
				326ABA8F1D4A7F7C00CE6922 /* S65g.json */,
				326ABA761D4A7EF100CE6922 /* JSONParsingSectionTests.swift */,
				326ABA781D4A7EF100CE6922 /* Info.plist */,
			);
			path = JSONParsingSectionTests;
			sourceTree = "<group>";
		};
		326ABA801D4A7EF100CE6922 /* JSONParsingSectionUITests */ = {
			isa = PBXGroup;
			children = (
				326ABA811D4A7EF100CE6922 /* JSONParsingSectionUITests.swift */,
				326ABA831D4A7EF100CE6922 /* Info.plist */,
			);
			path = JSONParsingSectionUITests;
			sourceTree = "<group>";
		};
/* End PBXGroup section */

/* Begin PBXNativeTarget section */
		326ABA5D1D4A7EF100CE6922 /* JSONParsingSection */ = {
			isa = PBXNativeTarget;
			buildConfigurationList = 326ABA861D4A7EF100CE6922 /* Build configuration list for PBXNativeTarget "JSONParsingSection" */;
			buildPhases = (
				326ABA5A1D4A7EF100CE6922 /* Sources */,
				326ABA5B1D4A7EF100CE6922 /* Frameworks */,
				326ABA5C1D4A7EF100CE6922 /* Resources */,
			);
			buildRules = (
			);
			dependencies = (
			);
			name = JSONParsingSection;
			productName = JSONParsingSection;
			productReference = 326ABA5E1D4A7EF100CE6922 /* JSONParsingSection.app */;
			productType = "com.apple.product-type.application";
		};
		326ABA711D4A7EF100CE6922 /* JSONParsingSectionTests */ = {
			isa = PBXNativeTarget;
			buildConfigurationList = 326ABA891D4A7EF100CE6922 /* Build configuration list for PBXNativeTarget "JSONParsingSectionTests" */;
			buildPhases = (
				326ABA6E1D4A7EF100CE6922 /* Sources */,
				326ABA6F1D4A7EF100CE6922 /* Frameworks */,
				326ABA701D4A7EF100CE6922 /* Resources */,
			);
			buildRules = (
			);
			dependencies = (
				326ABA741D4A7EF100CE6922 /* PBXTargetDependency */,
			);
			name = JSONParsingSectionTests;
			productName = JSONParsingSectionTests;
			productReference = 326ABA721D4A7EF100CE6922 /* JSONParsingSectionTests.xctest */;
			productType = "com.apple.product-type.bundle.unit-test";
		};
		326ABA7C1D4A7EF100CE6922 /* JSONParsingSectionUITests */ = {
			isa = PBXNativeTarget;
			buildConfigurationList = 326ABA8C1D4A7EF100CE6922 /* Build configuration list for PBXNativeTarget "JSONParsingSectionUITests" */;
			buildPhases = (
				326ABA791D4A7EF100CE6922 /* Sources */,
				326ABA7A1D4A7EF100CE6922 /* Frameworks */,
				326ABA7B1D4A7EF100CE6922 /* Resources */,
			);
			buildRules = (
			);
			dependencies = (
				326ABA7F1D4A7EF100CE6922 /* PBXTargetDependency */,
			);
			name = JSONParsingSectionUITests;
			productName = JSONParsingSectionUITests;
			productReference = 326ABA7D1D4A7EF100CE6922 /* JSONParsingSectionUITests.xctest */;
			productType = "com.apple.product-type.bundle.ui-testing";
		};
/* End PBXNativeTarget section */

/* Begin PBXProject section */
		326ABA561D4A7EF100CE6922 /* Project object */ = {
			isa = PBXProject;
			attributes = {
				LastSwiftUpdateCheck = 0730;
				LastUpgradeCheck = 0730;
				ORGANIZATIONNAME = Michelle;
				TargetAttributes = {
					326ABA5D1D4A7EF100CE6922 = {
						CreatedOnToolsVersion = 7.3.1;
					};
					326ABA711D4A7EF100CE6922 = {
						CreatedOnToolsVersion = 7.3.1;
						TestTargetID = 326ABA5D1D4A7EF100CE6922;
					};
					326ABA7C1D4A7EF100CE6922 = {
						CreatedOnToolsVersion = 7.3.1;
						TestTargetID = 326ABA5D1D4A7EF100CE6922;
					};
				};
			};
			buildConfigurationList = 326ABA591D4A7EF100CE6922 /* Build configuration list for PBXProject "JSONParsingSection" */;
			compatibilityVersion = "Xcode 3.2";
			developmentRegion = English;
			hasScannedForEncodings = 0;
			knownRegions = (
				en,
				Base,
			);
			mainGroup = 326ABA551D4A7EF100CE6922;
			productRefGroup = 326ABA5F1D4A7EF100CE6922 /* Products */;
			projectDirPath = "";
			projectRoot = "";
			targets = (
				326ABA5D1D4A7EF100CE6922 /* JSONParsingSection */,
				326ABA711D4A7EF100CE6922 /* JSONParsingSectionTests */,
				326ABA7C1D4A7EF100CE6922 /* JSONParsingSectionUITests */,
			);
		};
/* End PBXProject section */

/* Begin PBXResourcesBuildPhase section */
		326ABA5C1D4A7EF100CE6922 /* Resources */ = {
			isa = PBXResourcesBuildPhase;
			buildActionMask = 2147483647;
			files = (
				326ABA911D4A80AD00CE6922 /* S65g.json in Resources */,
				326ABA6C1D4A7EF100CE6922 /* LaunchScreen.storyboard in Resources */,
				326ABA691D4A7EF100CE6922 /* Assets.xcassets in Resources */,
				326ABA671D4A7EF100CE6922 /* Main.storyboard in Resources */,
			);
			runOnlyForDeploymentPostprocessing = 0;
		};
		326ABA701D4A7EF100CE6922 /* Resources */ = {
			isa = PBXResourcesBuildPhase;
			buildActionMask = 2147483647;
			files = (
				326ABA901D4A7F7C00CE6922 /* S65g.json in Resources */,
			);
			runOnlyForDeploymentPostprocessing = 0;
		};
		326ABA7B1D4A7EF100CE6922 /* Resources */ = {
			isa = PBXResourcesBuildPhase;
			buildActionMask = 2147483647;
			files = (
			);
			runOnlyForDeploymentPostprocessing = 0;
		};
/* End PBXResourcesBuildPhase section */

/* Begin PBXSourcesBuildPhase section */
		326ABA5A1D4A7EF100CE6922 /* Sources */ = {
			isa = PBXSourcesBuildPhase;
			buildActionMask = 2147483647;
			files = (
				326ABA991D4A89A300CE6922 /* ViewController.swift in Sources */,
				326ABA621D4A7EF100CE6922 /* AppDelegate.swift in Sources */,
				326ABA971D4A897D00CE6922 /* Fetcher.swift in Sources */,
			);
			runOnlyForDeploymentPostprocessing = 0;
		};
		326ABA6E1D4A7EF100CE6922 /* Sources */ = {
			isa = PBXSourcesBuildPhase;
			buildActionMask = 2147483647;
			files = (
				326ABA951D4A844F00CE6922 /* GridConfiguration.swift in Sources */,
				326ABA771D4A7EF100CE6922 /* JSONParsingSectionTests.swift in Sources */,
				326ABA931D4A83C700CE6922 /* GridConfigurationParser.swift in Sources */,
			);
			runOnlyForDeploymentPostprocessing = 0;
		};
		326ABA791D4A7EF100CE6922 /* Sources */ = {
			isa = PBXSourcesBuildPhase;
			buildActionMask = 2147483647;
			files = (
				326ABA821D4A7EF100CE6922 /* JSONParsingSectionUITests.swift in Sources */,
			);
			runOnlyForDeploymentPostprocessing = 0;
		};
/* End PBXSourcesBuildPhase section */

/* Begin PBXTargetDependency section */
		326ABA741D4A7EF100CE6922 /* PBXTargetDependency */ = {
			isa = PBXTargetDependency;
			target = 326ABA5D1D4A7EF100CE6922 /* JSONParsingSection */;
			targetProxy = 326ABA731D4A7EF100CE6922 /* PBXContainerItemProxy */;
		};
		326ABA7F1D4A7EF100CE6922 /* PBXTargetDependency */ = {
			isa = PBXTargetDependency;
			target = 326ABA5D1D4A7EF100CE6922 /* JSONParsingSection */;
			targetProxy = 326ABA7E1D4A7EF100CE6922 /* PBXContainerItemProxy */;
		};
/* End PBXTargetDependency section */

/* Begin PBXVariantGroup section */
		326ABA651D4A7EF100CE6922 /* Main.storyboard */ = {
			isa = PBXVariantGroup;
			children = (
				326ABA661D4A7EF100CE6922 /* Base */,
			);
			name = Main.storyboard;
			sourceTree = "<group>";
		};
		326ABA6A1D4A7EF100CE6922 /* LaunchScreen.storyboard */ = {
			isa = PBXVariantGroup;
			children = (
				326ABA6B1D4A7EF100CE6922 /* Base */,
			);
			name = LaunchScreen.storyboard;
			sourceTree = "<group>";
		};
/* End PBXVariantGroup section */

/* Begin XCBuildConfiguration section */
		326ABA841D4A7EF100CE6922 /* Debug */ = {
			isa = XCBuildConfiguration;
			buildSettings = {
				ALWAYS_SEARCH_USER_PATHS = NO;
				CLANG_ANALYZER_NONNULL = YES;
				CLANG_CXX_LANGUAGE_STANDARD = "gnu++0x";
				CLANG_CXX_LIBRARY = "libc++";
				CLANG_ENABLE_MODULES = YES;
				CLANG_ENABLE_OBJC_ARC = YES;
				CLANG_WARN_BOOL_CONVERSION = YES;
				CLANG_WARN_CONSTANT_CONVERSION = YES;
				CLANG_WARN_DIRECT_OBJC_ISA_USAGE = YES_ERROR;
				CLANG_WARN_EMPTY_BODY = YES;
				CLANG_WARN_ENUM_CONVERSION = YES;
				CLANG_WARN_INT_CONVERSION = YES;
				CLANG_WARN_OBJC_ROOT_CLASS = YES_ERROR;
				CLANG_WARN_UNREACHABLE_CODE = YES;
				CLANG_WARN__DUPLICATE_METHOD_MATCH = YES;
				"CODE_SIGN_IDENTITY[sdk=iphoneos*]" = "iPhone Developer";
				COPY_PHASE_STRIP = NO;
				DEBUG_INFORMATION_FORMAT = dwarf;
				ENABLE_STRICT_OBJC_MSGSEND = YES;
				ENABLE_TESTABILITY = YES;
				GCC_C_LANGUAGE_STANDARD = gnu99;
				GCC_DYNAMIC_NO_PIC = NO;
				GCC_NO_COMMON_BLOCKS = YES;
				GCC_OPTIMIZATION_LEVEL = 0;
				GCC_PREPROCESSOR_DEFINITIONS = (
					"DEBUG=1",
					"$(inherited)",
				);
				GCC_WARN_64_TO_32_BIT_CONVERSION = YES;
				GCC_WARN_ABOUT_RETURN_TYPE = YES_ERROR;
				GCC_WARN_UNDECLARED_SELECTOR = YES;
				GCC_WARN_UNINITIALIZED_AUTOS = YES_AGGRESSIVE;
				GCC_WARN_UNUSED_FUNCTION = YES;
				GCC_WARN_UNUSED_VARIABLE = YES;
				IPHONEOS_DEPLOYMENT_TARGET = 9.3;
				MTL_ENABLE_DEBUG_INFO = YES;
				ONLY_ACTIVE_ARCH = YES;
				SDKROOT = iphoneos;
				SWIFT_OPTIMIZATION_LEVEL = "-Onone";
				TARGETED_DEVICE_FAMILY = "1,2";
			};
			name = Debug;
		};
		326ABA851D4A7EF100CE6922 /* Release */ = {
			isa = XCBuildConfiguration;
			buildSettings = {
				ALWAYS_SEARCH_USER_PATHS = NO;
				CLANG_ANALYZER_NONNULL = YES;
				CLANG_CXX_LANGUAGE_STANDARD = "gnu++0x";
				CLANG_CXX_LIBRARY = "libc++";
				CLANG_ENABLE_MODULES = YES;
				CLANG_ENABLE_OBJC_ARC = YES;
				CLANG_WARN_BOOL_CONVERSION = YES;
				CLANG_WARN_CONSTANT_CONVERSION = YES;
				CLANG_WARN_DIRECT_OBJC_ISA_USAGE = YES_ERROR;
				CLANG_WARN_EMPTY_BODY = YES;
				CLANG_WARN_ENUM_CONVERSION = YES;
				CLANG_WARN_INT_CONVERSION = YES;
				CLANG_WARN_OBJC_ROOT_CLASS = YES_ERROR;
				CLANG_WARN_UNREACHABLE_CODE = YES;
				CLANG_WARN__DUPLICATE_METHOD_MATCH = YES;
				"CODE_SIGN_IDENTITY[sdk=iphoneos*]" = "iPhone Developer";
				COPY_PHASE_STRIP = NO;
				DEBUG_INFORMATION_FORMAT = "dwarf-with-dsym";
				ENABLE_NS_ASSERTIONS = NO;
				ENABLE_STRICT_OBJC_MSGSEND = YES;
				GCC_C_LANGUAGE_STANDARD = gnu99;
				GCC_NO_COMMON_BLOCKS = YES;
				GCC_WARN_64_TO_32_BIT_CONVERSION = YES;
				GCC_WARN_ABOUT_RETURN_TYPE = YES_ERROR;
				GCC_WARN_UNDECLARED_SELECTOR = YES;
				GCC_WARN_UNINITIALIZED_AUTOS = YES_AGGRESSIVE;
				GCC_WARN_UNUSED_FUNCTION = YES;
				GCC_WARN_UNUSED_VARIABLE = YES;
				IPHONEOS_DEPLOYMENT_TARGET = 9.3;
				MTL_ENABLE_DEBUG_INFO = NO;
				SDKROOT = iphoneos;
				TARGETED_DEVICE_FAMILY = "1,2";
				VALIDATE_PRODUCT = YES;
			};
			name = Release;
		};
		326ABA871D4A7EF100CE6922 /* Debug */ = {
			isa = XCBuildConfiguration;
			buildSettings = {
				ASSETCATALOG_COMPILER_APPICON_NAME = AppIcon;
				INFOPLIST_FILE = JSONParsingSection/Info.plist;
				LD_RUNPATH_SEARCH_PATHS = "$(inherited) @executable_path/Frameworks";
				PRODUCT_BUNDLE_IDENTIFIER = s65g.JSONParsingSection;
				PRODUCT_NAME = "$(TARGET_NAME)";
			};
			name = Debug;
		};
		326ABA881D4A7EF100CE6922 /* Release */ = {
			isa = XCBuildConfiguration;
			buildSettings = {
				ASSETCATALOG_COMPILER_APPICON_NAME = AppIcon;
				INFOPLIST_FILE = JSONParsingSection/Info.plist;
				LD_RUNPATH_SEARCH_PATHS = "$(inherited) @executable_path/Frameworks";
				PRODUCT_BUNDLE_IDENTIFIER = s65g.JSONParsingSection;
				PRODUCT_NAME = "$(TARGET_NAME)";
			};
			name = Release;
		};
		326ABA8A1D4A7EF100CE6922 /* Debug */ = {
			isa = XCBuildConfiguration;
			buildSettings = {
				BUNDLE_LOADER = "$(TEST_HOST)";
				INFOPLIST_FILE = JSONParsingSectionTests/Info.plist;
				LD_RUNPATH_SEARCH_PATHS = "$(inherited) @executable_path/Frameworks @loader_path/Frameworks";
				PRODUCT_BUNDLE_IDENTIFIER = s65g.JSONParsingSectionTests;
				PRODUCT_NAME = "$(TARGET_NAME)";
				TEST_HOST = "$(BUILT_PRODUCTS_DIR)/JSONParsingSection.app/JSONParsingSection";
			};
			name = Debug;
		};
		326ABA8B1D4A7EF100CE6922 /* Release */ = {
			isa = XCBuildConfiguration;
			buildSettings = {
				BUNDLE_LOADER = "$(TEST_HOST)";
				INFOPLIST_FILE = JSONParsingSectionTests/Info.plist;
				LD_RUNPATH_SEARCH_PATHS = "$(inherited) @executable_path/Frameworks @loader_path/Frameworks";
				PRODUCT_BUNDLE_IDENTIFIER = s65g.JSONParsingSectionTests;
				PRODUCT_NAME = "$(TARGET_NAME)";
				TEST_HOST = "$(BUILT_PRODUCTS_DIR)/JSONParsingSection.app/JSONParsingSection";
			};
			name = Release;
		};
		326ABA8D1D4A7EF100CE6922 /* Debug */ = {
			isa = XCBuildConfiguration;
			buildSettings = {
				INFOPLIST_FILE = JSONParsingSectionUITests/Info.plist;
				LD_RUNPATH_SEARCH_PATHS = "$(inherited) @executable_path/Frameworks @loader_path/Frameworks";
				PRODUCT_BUNDLE_IDENTIFIER = s65g.JSONParsingSectionUITests;
				PRODUCT_NAME = "$(TARGET_NAME)";
				TEST_TARGET_NAME = JSONParsingSection;
			};
			name = Debug;
		};
		326ABA8E1D4A7EF100CE6922 /* Release */ = {
			isa = XCBuildConfiguration;
			buildSettings = {
				INFOPLIST_FILE = JSONParsingSectionUITests/Info.plist;
				LD_RUNPATH_SEARCH_PATHS = "$(inherited) @executable_path/Frameworks @loader_path/Frameworks";
				PRODUCT_BUNDLE_IDENTIFIER = s65g.JSONParsingSectionUITests;
				PRODUCT_NAME = "$(TARGET_NAME)";
				TEST_TARGET_NAME = JSONParsingSection;
			};
			name = Release;
		};
/* End XCBuildConfiguration section */

/* Begin XCConfigurationList section */
		326ABA591D4A7EF100CE6922 /* Build configuration list for PBXProject "JSONParsingSection" */ = {
			isa = XCConfigurationList;
			buildConfigurations = (
				326ABA841D4A7EF100CE6922 /* Debug */,
				326ABA851D4A7EF100CE6922 /* Release */,
			);
			defaultConfigurationIsVisible = 0;
			defaultConfigurationName = Release;
		};
		326ABA861D4A7EF100CE6922 /* Build configuration list for PBXNativeTarget "JSONParsingSection" */ = {
			isa = XCConfigurationList;
			buildConfigurations = (
				326ABA871D4A7EF100CE6922 /* Debug */,
				326ABA881D4A7EF100CE6922 /* Release */,
			);
			defaultConfigurationIsVisible = 0;
		};
		326ABA891D4A7EF100CE6922 /* Build configuration list for PBXNativeTarget "JSONParsingSectionTests" */ = {
			isa = XCConfigurationList;
			buildConfigurations = (
				326ABA8A1D4A7EF100CE6922 /* Debug */,
				326ABA8B1D4A7EF100CE6922 /* Release */,
			);
			defaultConfigurationIsVisible = 0;
		};
		326ABA8C1D4A7EF100CE6922 /* Build configuration list for PBXNativeTarget "JSONParsingSectionUITests" */ = {
			isa = XCConfigurationList;
			buildConfigurations = (
				326ABA8D1D4A7EF100CE6922 /* Debug */,
				326ABA8E1D4A7EF100CE6922 /* Release */,
			);
			defaultConfigurationIsVisible = 0;
		};
/* End XCConfigurationList section */
	};
	rootObject = 326ABA561D4A7EF100CE6922 /* Project object */;
}
