// !$*UTF8*$!
{
	archiveVersion = 1;
	classes = {
	};
	objectVersion = 46;
	objects = {

/* Begin PBXBuildFile section */
		32F82DEC1D4FE2D50053343B /* AppDelegate.swift in Sources */ = {isa = PBXBuildFile; fileRef = 32F82DEB1D4FE2D50053343B /* AppDelegate.swift */; };
		32F82DEE1D4FE2D50053343B /* ViewController.swift in Sources */ = {isa = PBXBuildFile; fileRef = 32F82DED1D4FE2D50053343B /* ViewController.swift */; };
		32F82DF11D4FE2D50053343B /* Main.storyboard in Resources */ = {isa = PBXBuildFile; fileRef = 32F82DEF1D4FE2D50053343B /* Main.storyboard */; };
		32F82DF31D4FE2D50053343B /* Assets.xcassets in Resources */ = {isa = PBXBuildFile; fileRef = 32F82DF21D4FE2D50053343B /* Assets.xcassets */; };
		32F82DF61D4FE2D50053343B /* LaunchScreen.storyboard in Resources */ = {isa = PBXBuildFile; fileRef = 32F82DF41D4FE2D50053343B /* LaunchScreen.storyboard */; };
		32F82E011D4FE2D50053343B /* Lecture12Tests.swift in Sources */ = {isa = PBXBuildFile; fileRef = 32F82E001D4FE2D50053343B /* Lecture12Tests.swift */; };
		32F82E0C1D4FE2D50053343B /* Lecture12UITests.swift in Sources */ = {isa = PBXBuildFile; fileRef = 32F82E0B1D4FE2D50053343B /* Lecture12UITests.swift */; };
/* End PBXBuildFile section */

/* Begin PBXContainerItemProxy section */
		32F82DFD1D4FE2D50053343B /* PBXContainerItemProxy */ = {
			isa = PBXContainerItemProxy;
			containerPortal = 32F82DE01D4FE2D50053343B /* Project object */;
			proxyType = 1;
			remoteGlobalIDString = 32F82DE71D4FE2D50053343B;
			remoteInfo = Lecture12;
		};
		32F82E081D4FE2D50053343B /* PBXContainerItemProxy */ = {
			isa = PBXContainerItemProxy;
			containerPortal = 32F82DE01D4FE2D50053343B /* Project object */;
			proxyType = 1;
			remoteGlobalIDString = 32F82DE71D4FE2D50053343B;
			remoteInfo = Lecture12;
		};
/* End PBXContainerItemProxy section */

/* Begin PBXFileReference section */
		32F82DE81D4FE2D50053343B /* Lecture12.app */ = {isa = PBXFileReference; explicitFileType = wrapper.application; includeInIndex = 0; path = Lecture12.app; sourceTree = BUILT_PRODUCTS_DIR; };
		32F82DEB1D4FE2D50053343B /* AppDelegate.swift */ = {isa = PBXFileReference; lastKnownFileType = sourcecode.swift; path = AppDelegate.swift; sourceTree = "<group>"; };
		32F82DED1D4FE2D50053343B /* ViewController.swift */ = {isa = PBXFileReference; lastKnownFileType = sourcecode.swift; path = ViewController.swift; sourceTree = "<group>"; };
		32F82DF01D4FE2D50053343B /* Base */ = {isa = PBXFileReference; lastKnownFileType = file.storyboard; name = Base; path = Base.lproj/Main.storyboard; sourceTree = "<group>"; };
		32F82DF21D4FE2D50053343B /* Assets.xcassets */ = {isa = PBXFileReference; lastKnownFileType = folder.assetcatalog; path = Assets.xcassets; sourceTree = "<group>"; };
		32F82DF51D4FE2D50053343B /* Base */ = {isa = PBXFileReference; lastKnownFileType = file.storyboard; name = Base; path = Base.lproj/LaunchScreen.storyboard; sourceTree = "<group>"; };
		32F82DF71D4FE2D50053343B /* Info.plist */ = {isa = PBXFileReference; lastKnownFileType = text.plist.xml; path = Info.plist; sourceTree = "<group>"; };
		32F82DFC1D4FE2D50053343B /* Lecture12Tests.xctest */ = {isa = PBXFileReference; explicitFileType = wrapper.cfbundle; includeInIndex = 0; path = Lecture12Tests.xctest; sourceTree = BUILT_PRODUCTS_DIR; };
		32F82E001D4FE2D50053343B /* Lecture12Tests.swift */ = {isa = PBXFileReference; lastKnownFileType = sourcecode.swift; path = Lecture12Tests.swift; sourceTree = "<group>"; };
		32F82E021D4FE2D50053343B /* Info.plist */ = {isa = PBXFileReference; lastKnownFileType = text.plist.xml; path = Info.plist; sourceTree = "<group>"; };
		32F82E071D4FE2D50053343B /* Lecture12UITests.xctest */ = {isa = PBXFileReference; explicitFileType = wrapper.cfbundle; includeInIndex = 0; path = Lecture12UITests.xctest; sourceTree = BUILT_PRODUCTS_DIR; };
		32F82E0B1D4FE2D50053343B /* Lecture12UITests.swift */ = {isa = PBXFileReference; lastKnownFileType = sourcecode.swift; path = Lecture12UITests.swift; sourceTree = "<group>"; };
		32F82E0D1D4FE2D50053343B /* Info.plist */ = {isa = PBXFileReference; lastKnownFileType = text.plist.xml; path = Info.plist; sourceTree = "<group>"; };
/* End PBXFileReference section */

/* Begin PBXFrameworksBuildPhase section */
		32F82DE51D4FE2D50053343B /* Frameworks */ = {
			isa = PBXFrameworksBuildPhase;
			buildActionMask = 2147483647;
			files = (
			);
			runOnlyForDeploymentPostprocessing = 0;
		};
		32F82DF91D4FE2D50053343B /* Frameworks */ = {
			isa = PBXFrameworksBuildPhase;
			buildActionMask = 2147483647;
			files = (
			);
			runOnlyForDeploymentPostprocessing = 0;
		};
		32F82E041D4FE2D50053343B /* Frameworks */ = {
			isa = PBXFrameworksBuildPhase;
			buildActionMask = 2147483647;
			files = (
			);
			runOnlyForDeploymentPostprocessing = 0;
		};
/* End PBXFrameworksBuildPhase section */

/* Begin PBXGroup section */
		32F82DDF1D4FE2D50053343B = {
			isa = PBXGroup;
			children = (
				32F82DEA1D4FE2D50053343B /* Lecture12 */,
				32F82DFF1D4FE2D50053343B /* Lecture12Tests */,
				32F82E0A1D4FE2D50053343B /* Lecture12UITests */,
				32F82DE91D4FE2D50053343B /* Products */,
			);
			sourceTree = "<group>";
		};
		32F82DE91D4FE2D50053343B /* Products */ = {
			isa = PBXGroup;
			children = (
				32F82DE81D4FE2D50053343B /* Lecture12.app */,
				32F82DFC1D4FE2D50053343B /* Lecture12Tests.xctest */,
				32F82E071D4FE2D50053343B /* Lecture12UITests.xctest */,
			);
			name = Products;
			sourceTree = "<group>";
		};
		32F82DEA1D4FE2D50053343B /* Lecture12 */ = {
			isa = PBXGroup;
			children = (
				32F82DEB1D4FE2D50053343B /* AppDelegate.swift */,
				32F82DED1D4FE2D50053343B /* ViewController.swift */,
				32F82DEF1D4FE2D50053343B /* Main.storyboard */,
				32F82DF21D4FE2D50053343B /* Assets.xcassets */,
				32F82DF41D4FE2D50053343B /* LaunchScreen.storyboard */,
				32F82DF71D4FE2D50053343B /* Info.plist */,
			);
			path = Lecture12;
			sourceTree = "<group>";
		};
		32F82DFF1D4FE2D50053343B /* Lecture12Tests */ = {
			isa = PBXGroup;
			children = (
				32F82E001D4FE2D50053343B /* Lecture12Tests.swift */,
				32F82E021D4FE2D50053343B /* Info.plist */,
			);
			path = Lecture12Tests;
			sourceTree = "<group>";
		};
		32F82E0A1D4FE2D50053343B /* Lecture12UITests */ = {
			isa = PBXGroup;
			children = (
				32F82E0B1D4FE2D50053343B /* Lecture12UITests.swift */,
				32F82E0D1D4FE2D50053343B /* Info.plist */,
			);
			path = Lecture12UITests;
			sourceTree = "<group>";
		};
/* End PBXGroup section */

/* Begin PBXNativeTarget section */
		32F82DE71D4FE2D50053343B /* Lecture12 */ = {
			isa = PBXNativeTarget;
			buildConfigurationList = 32F82E101D4FE2D50053343B /* Build configuration list for PBXNativeTarget "Lecture12" */;
			buildPhases = (
				32F82DE41D4FE2D50053343B /* Sources */,
				32F82DE51D4FE2D50053343B /* Frameworks */,
				32F82DE61D4FE2D50053343B /* Resources */,
			);
			buildRules = (
			);
			dependencies = (
			);
			name = Lecture12;
			productName = Lecture12;
			productReference = 32F82DE81D4FE2D50053343B /* Lecture12.app */;
			productType = "com.apple.product-type.application";
		};
		32F82DFB1D4FE2D50053343B /* Lecture12Tests */ = {
			isa = PBXNativeTarget;
			buildConfigurationList = 32F82E131D4FE2D50053343B /* Build configuration list for PBXNativeTarget "Lecture12Tests" */;
			buildPhases = (
				32F82DF81D4FE2D50053343B /* Sources */,
				32F82DF91D4FE2D50053343B /* Frameworks */,
				32F82DFA1D4FE2D50053343B /* Resources */,
			);
			buildRules = (
			);
			dependencies = (
				32F82DFE1D4FE2D50053343B /* PBXTargetDependency */,
			);
			name = Lecture12Tests;
			productName = Lecture12Tests;
			productReference = 32F82DFC1D4FE2D50053343B /* Lecture12Tests.xctest */;
			productType = "com.apple.product-type.bundle.unit-test";
		};
		32F82E061D4FE2D50053343B /* Lecture12UITests */ = {
			isa = PBXNativeTarget;
			buildConfigurationList = 32F82E161D4FE2D50053343B /* Build configuration list for PBXNativeTarget "Lecture12UITests" */;
			buildPhases = (
				32F82E031D4FE2D50053343B /* Sources */,
				32F82E041D4FE2D50053343B /* Frameworks */,
				32F82E051D4FE2D50053343B /* Resources */,
			);
			buildRules = (
			);
			dependencies = (
				32F82E091D4FE2D50053343B /* PBXTargetDependency */,
			);
			name = Lecture12UITests;
			productName = Lecture12UITests;
			productReference = 32F82E071D4FE2D50053343B /* Lecture12UITests.xctest */;
			productType = "com.apple.product-type.bundle.ui-testing";
		};
/* End PBXNativeTarget section */

/* Begin PBXProject section */
		32F82DE01D4FE2D50053343B /* Project object */ = {
			isa = PBXProject;
			attributes = {
				LastSwiftUpdateCheck = 0730;
				LastUpgradeCheck = 0730;
				ORGANIZATIONNAME = Michelle;
				TargetAttributes = {
					32F82DE71D4FE2D50053343B = {
						CreatedOnToolsVersion = 7.3.1;
					};
					32F82DFB1D4FE2D50053343B = {
						CreatedOnToolsVersion = 7.3.1;
						TestTargetID = 32F82DE71D4FE2D50053343B;
					};
					32F82E061D4FE2D50053343B = {
						CreatedOnToolsVersion = 7.3.1;
						TestTargetID = 32F82DE71D4FE2D50053343B;
					};
				};
			};
			buildConfigurationList = 32F82DE31D4FE2D50053343B /* Build configuration list for PBXProject "Lecture12" */;
			compatibilityVersion = "Xcode 3.2";
			developmentRegion = English;
			hasScannedForEncodings = 0;
			knownRegions = (
				en,
				Base,
			);
			mainGroup = 32F82DDF1D4FE2D50053343B;
			productRefGroup = 32F82DE91D4FE2D50053343B /* Products */;
			projectDirPath = "";
			projectRoot = "";
			targets = (
				32F82DE71D4FE2D50053343B /* Lecture12 */,
				32F82DFB1D4FE2D50053343B /* Lecture12Tests */,
				32F82E061D4FE2D50053343B /* Lecture12UITests */,
			);
		};
/* End PBXProject section */

/* Begin PBXResourcesBuildPhase section */
		32F82DE61D4FE2D50053343B /* Resources */ = {
			isa = PBXResourcesBuildPhase;
			buildActionMask = 2147483647;
			files = (
				32F82DF61D4FE2D50053343B /* LaunchScreen.storyboard in Resources */,
				32F82DF31D4FE2D50053343B /* Assets.xcassets in Resources */,
				32F82DF11D4FE2D50053343B /* Main.storyboard in Resources */,
			);
			runOnlyForDeploymentPostprocessing = 0;
		};
		32F82DFA1D4FE2D50053343B /* Resources */ = {
			isa = PBXResourcesBuildPhase;
			buildActionMask = 2147483647;
			files = (
			);
			runOnlyForDeploymentPostprocessing = 0;
		};
		32F82E051D4FE2D50053343B /* Resources */ = {
			isa = PBXResourcesBuildPhase;
			buildActionMask = 2147483647;
			files = (
			);
			runOnlyForDeploymentPostprocessing = 0;
		};
/* End PBXResourcesBuildPhase section */

/* Begin PBXSourcesBuildPhase section */
		32F82DE41D4FE2D50053343B /* Sources */ = {
			isa = PBXSourcesBuildPhase;
			buildActionMask = 2147483647;
			files = (
				32F82DEE1D4FE2D50053343B /* ViewController.swift in Sources */,
				32F82DEC1D4FE2D50053343B /* AppDelegate.swift in Sources */,
			);
			runOnlyForDeploymentPostprocessing = 0;
		};
		32F82DF81D4FE2D50053343B /* Sources */ = {
			isa = PBXSourcesBuildPhase;
			buildActionMask = 2147483647;
			files = (
				32F82E011D4FE2D50053343B /* Lecture12Tests.swift in Sources */,
			);
			runOnlyForDeploymentPostprocessing = 0;
		};
		32F82E031D4FE2D50053343B /* Sources */ = {
			isa = PBXSourcesBuildPhase;
			buildActionMask = 2147483647;
			files = (
				32F82E0C1D4FE2D50053343B /* Lecture12UITests.swift in Sources */,
			);
			runOnlyForDeploymentPostprocessing = 0;
		};
/* End PBXSourcesBuildPhase section */

/* Begin PBXTargetDependency section */
		32F82DFE1D4FE2D50053343B /* PBXTargetDependency */ = {
			isa = PBXTargetDependency;
			target = 32F82DE71D4FE2D50053343B /* Lecture12 */;
			targetProxy = 32F82DFD1D4FE2D50053343B /* PBXContainerItemProxy */;
		};
		32F82E091D4FE2D50053343B /* PBXTargetDependency */ = {
			isa = PBXTargetDependency;
			target = 32F82DE71D4FE2D50053343B /* Lecture12 */;
			targetProxy = 32F82E081D4FE2D50053343B /* PBXContainerItemProxy */;
		};
/* End PBXTargetDependency section */

/* Begin PBXVariantGroup section */
		32F82DEF1D4FE2D50053343B /* Main.storyboard */ = {
			isa = PBXVariantGroup;
			children = (
				32F82DF01D4FE2D50053343B /* Base */,
			);
			name = Main.storyboard;
			sourceTree = "<group>";
		};
		32F82DF41D4FE2D50053343B /* LaunchScreen.storyboard */ = {
			isa = PBXVariantGroup;
			children = (
				32F82DF51D4FE2D50053343B /* Base */,
			);
			name = LaunchScreen.storyboard;
			sourceTree = "<group>";
		};
/* End PBXVariantGroup section */

/* Begin XCBuildConfiguration section */
		32F82E0E1D4FE2D50053343B /* Debug */ = {
			isa = XCBuildConfiguration;
			buildSettings = {
				ALWAYS_SEARCH_USER_PATHS = NO;
				CLANG_ANALYZER_NONNULL = YES;
				CLANG_CXX_LANGUAGE_STANDARD = "gnu++0x";
				CLANG_CXX_LIBRARY = "libc++";
				CLANG_ENABLE_MODULES = YES;
				CLANG_ENABLE_OBJC_ARC = YES;
				CLANG_WARN_BOOL_CONVERSION = YES;
				CLANG_WARN_CONSTANT_CONVERSION = YES;
				CLANG_WARN_DIRECT_OBJC_ISA_USAGE = YES_ERROR;
				CLANG_WARN_EMPTY_BODY = YES;
				CLANG_WARN_ENUM_CONVERSION = YES;
				CLANG_WARN_INT_CONVERSION = YES;
				CLANG_WARN_OBJC_ROOT_CLASS = YES_ERROR;
				CLANG_WARN_UNREACHABLE_CODE = YES;
				CLANG_WARN__DUPLICATE_METHOD_MATCH = YES;
				"CODE_SIGN_IDENTITY[sdk=iphoneos*]" = "iPhone Developer";
				COPY_PHASE_STRIP = NO;
				DEBUG_INFORMATION_FORMAT = dwarf;
				ENABLE_STRICT_OBJC_MSGSEND = YES;
				ENABLE_TESTABILITY = YES;
				GCC_C_LANGUAGE_STANDARD = gnu99;
				GCC_DYNAMIC_NO_PIC = NO;
				GCC_NO_COMMON_BLOCKS = YES;
				GCC_OPTIMIZATION_LEVEL = 0;
				GCC_PREPROCESSOR_DEFINITIONS = (
					"DEBUG=1",
					"$(inherited)",
				);
				GCC_WARN_64_TO_32_BIT_CONVERSION = YES;
				GCC_WARN_ABOUT_RETURN_TYPE = YES_ERROR;
				GCC_WARN_UNDECLARED_SELECTOR = YES;
				GCC_WARN_UNINITIALIZED_AUTOS = YES_AGGRESSIVE;
				GCC_WARN_UNUSED_FUNCTION = YES;
				GCC_WARN_UNUSED_VARIABLE = YES;
				IPHONEOS_DEPLOYMENT_TARGET = 9.3;
				MTL_ENABLE_DEBUG_INFO = YES;
				ONLY_ACTIVE_ARCH = YES;
				SDKROOT = iphoneos;
				SWIFT_OPTIMIZATION_LEVEL = "-Onone";
				TARGETED_DEVICE_FAMILY = "1,2";
			};
			name = Debug;
		};
		32F82E0F1D4FE2D50053343B /* Release */ = {
			isa = XCBuildConfiguration;
			buildSettings = {
				ALWAYS_SEARCH_USER_PATHS = NO;
				CLANG_ANALYZER_NONNULL = YES;
				CLANG_CXX_LANGUAGE_STANDARD = "gnu++0x";
				CLANG_CXX_LIBRARY = "libc++";
				CLANG_ENABLE_MODULES = YES;
				CLANG_ENABLE_OBJC_ARC = YES;
				CLANG_WARN_BOOL_CONVERSION = YES;
				CLANG_WARN_CONSTANT_CONVERSION = YES;
				CLANG_WARN_DIRECT_OBJC_ISA_USAGE = YES_ERROR;
				CLANG_WARN_EMPTY_BODY = YES;
				CLANG_WARN_ENUM_CONVERSION = YES;
				CLANG_WARN_INT_CONVERSION = YES;
				CLANG_WARN_OBJC_ROOT_CLASS = YES_ERROR;
				CLANG_WARN_UNREACHABLE_CODE = YES;
				CLANG_WARN__DUPLICATE_METHOD_MATCH = YES;
				"CODE_SIGN_IDENTITY[sdk=iphoneos*]" = "iPhone Developer";
				COPY_PHASE_STRIP = NO;
				DEBUG_INFORMATION_FORMAT = "dwarf-with-dsym";
				ENABLE_NS_ASSERTIONS = NO;
				ENABLE_STRICT_OBJC_MSGSEND = YES;
				GCC_C_LANGUAGE_STANDARD = gnu99;
				GCC_NO_COMMON_BLOCKS = YES;
				GCC_WARN_64_TO_32_BIT_CONVERSION = YES;
				GCC_WARN_ABOUT_RETURN_TYPE = YES_ERROR;
				GCC_WARN_UNDECLARED_SELECTOR = YES;
				GCC_WARN_UNINITIALIZED_AUTOS = YES_AGGRESSIVE;
				GCC_WARN_UNUSED_FUNCTION = YES;
				GCC_WARN_UNUSED_VARIABLE = YES;
				IPHONEOS_DEPLOYMENT_TARGET = 9.3;
				MTL_ENABLE_DEBUG_INFO = NO;
				SDKROOT = iphoneos;
				TARGETED_DEVICE_FAMILY = "1,2";
				VALIDATE_PRODUCT = YES;
			};
			name = Release;
		};
		32F82E111D4FE2D50053343B /* Debug */ = {
			isa = XCBuildConfiguration;
			buildSettings = {
				ASSETCATALOG_COMPILER_APPICON_NAME = AppIcon;
				INFOPLIST_FILE = Lecture12/Info.plist;
				LD_RUNPATH_SEARCH_PATHS = "$(inherited) @executable_path/Frameworks";
				PRODUCT_BUNDLE_IDENTIFIER = s65g.Lecture12;
				PRODUCT_NAME = "$(TARGET_NAME)";
			};
			name = Debug;
		};
		32F82E121D4FE2D50053343B /* Release */ = {
			isa = XCBuildConfiguration;
			buildSettings = {
				ASSETCATALOG_COMPILER_APPICON_NAME = AppIcon;
				INFOPLIST_FILE = Lecture12/Info.plist;
				LD_RUNPATH_SEARCH_PATHS = "$(inherited) @executable_path/Frameworks";
				PRODUCT_BUNDLE_IDENTIFIER = s65g.Lecture12;
				PRODUCT_NAME = "$(TARGET_NAME)";
			};
			name = Release;
		};
		32F82E141D4FE2D50053343B /* Debug */ = {
			isa = XCBuildConfiguration;
			buildSettings = {
				BUNDLE_LOADER = "$(TEST_HOST)";
				INFOPLIST_FILE = Lecture12Tests/Info.plist;
				LD_RUNPATH_SEARCH_PATHS = "$(inherited) @executable_path/Frameworks @loader_path/Frameworks";
				PRODUCT_BUNDLE_IDENTIFIER = s65g.Lecture12Tests;
				PRODUCT_NAME = "$(TARGET_NAME)";
				TEST_HOST = "$(BUILT_PRODUCTS_DIR)/Lecture12.app/Lecture12";
			};
			name = Debug;
		};
		32F82E151D4FE2D50053343B /* Release */ = {
			isa = XCBuildConfiguration;
			buildSettings = {
				BUNDLE_LOADER = "$(TEST_HOST)";
				INFOPLIST_FILE = Lecture12Tests/Info.plist;
				LD_RUNPATH_SEARCH_PATHS = "$(inherited) @executable_path/Frameworks @loader_path/Frameworks";
				PRODUCT_BUNDLE_IDENTIFIER = s65g.Lecture12Tests;
				PRODUCT_NAME = "$(TARGET_NAME)";
				TEST_HOST = "$(BUILT_PRODUCTS_DIR)/Lecture12.app/Lecture12";
			};
			name = Release;
		};
		32F82E171D4FE2D50053343B /* Debug */ = {
			isa = XCBuildConfiguration;
			buildSettings = {
				INFOPLIST_FILE = Lecture12UITests/Info.plist;
				LD_RUNPATH_SEARCH_PATHS = "$(inherited) @executable_path/Frameworks @loader_path/Frameworks";
				PRODUCT_BUNDLE_IDENTIFIER = s65g.Lecture12UITests;
				PRODUCT_NAME = "$(TARGET_NAME)";
				TEST_TARGET_NAME = Lecture12;
			};
			name = Debug;
		};
		32F82E181D4FE2D50053343B /* Release */ = {
			isa = XCBuildConfiguration;
			buildSettings = {
				INFOPLIST_FILE = Lecture12UITests/Info.plist;
				LD_RUNPATH_SEARCH_PATHS = "$(inherited) @executable_path/Frameworks @loader_path/Frameworks";
				PRODUCT_BUNDLE_IDENTIFIER = s65g.Lecture12UITests;
				PRODUCT_NAME = "$(TARGET_NAME)";
				TEST_TARGET_NAME = Lecture12;
			};
			name = Release;
		};
/* End XCBuildConfiguration section */

/* Begin XCConfigurationList section */
		32F82DE31D4FE2D50053343B /* Build configuration list for PBXProject "Lecture12" */ = {
			isa = XCConfigurationList;
			buildConfigurations = (
				32F82E0E1D4FE2D50053343B /* Debug */,
				32F82E0F1D4FE2D50053343B /* Release */,
			);
			defaultConfigurationIsVisible = 0;
			defaultConfigurationName = Release;
		};
		32F82E101D4FE2D50053343B /* Build configuration list for PBXNativeTarget "Lecture12" */ = {
			isa = XCConfigurationList;
			buildConfigurations = (
				32F82E111D4FE2D50053343B /* Debug */,
				32F82E121D4FE2D50053343B /* Release */,
			);
			defaultConfigurationIsVisible = 0;
		};
		32F82E131D4FE2D50053343B /* Build configuration list for PBXNativeTarget "Lecture12Tests" */ = {
			isa = XCConfigurationList;
			buildConfigurations = (
				32F82E141D4FE2D50053343B /* Debug */,
				32F82E151D4FE2D50053343B /* Release */,
			);
			defaultConfigurationIsVisible = 0;
		};
		32F82E161D4FE2D50053343B /* Build configuration list for PBXNativeTarget "Lecture12UITests" */ = {
			isa = XCConfigurationList;
			buildConfigurations = (
				32F82E171D4FE2D50053343B /* Debug */,
				32F82E181D4FE2D50053343B /* Release */,
			);
			defaultConfigurationIsVisible = 0;
		};
/* End XCConfigurationList section */
	};
	rootObject = 32F82DE01D4FE2D50053343B /* Project object */;
}
